
Microsoft Visual Studio Solution File, Format Version 12.00
# Visual Studio Version 16
VisualStudioVersion = 16.0.33130.400
MinimumVisualStudioVersion = 10.0.40219.1
Project("{FAE04EC0-301F-11D3-BF4B-00C04F79EFBC}") = "ModernVPN", "ModernVPN\ModernVPN.csproj", "{EA449ECA-5B91-4A0C-B380-E215312CB609}"
EndProject
Global
	GlobalSection(SolutionConfigurationPlatforms) = preSolution
		Debug|Any CPU = Debug|Any CPU
		Release|Any CPU = Release|Any CPU
	EndGlobalSection
	GlobalSection(ProjectConfigurationPlatforms) = postSolution
		{EA449ECA-5B91-4A0C-B380-E215312CB609}.Debug|Any CPU.ActiveCfg = Debug|Any CPU
		{EA449ECA-5B91-4A0C-B380-E215312CB609}.Debug|Any CPU.Build.0 = Debug|Any CPU
		{EA449ECA-5B91-4A0C-B380-E215312CB609}.Release|Any CPU.ActiveCfg = Release|Any CPU
		{EA449ECA-5B91-4A0C-B380-E215312CB609}.Release|Any CPU.Build.0 = Release|Any CPU
	EndGlobalSection
	GlobalSection(SolutionProperties) = preSolution
		HideSolutionNode = FALSE
	EndGlobalSection
	GlobalSection(ExtensibilityGlobals) = postSolution
		SolutionGuid = {0421A583-4390-490A-A51C-EFA2F4F507F6}
	EndGlobalSection
EndGlobal
